
Microsoft Visual Studio Solution File, Format Version 12.00
# Visual Studio Version 17
VisualStudioVersion = 17.2.32516.85
MinimumVisualStudioVersion = 10.0.40219.1
Project("{9A19103F-16F7-4668-BE54-9A1E7A4F7556}") = "Business", "Business\Business.csproj", "{868F00CD-C3F9-4A8C-874F-B19483E5407E}"
EndProject
Project("{9A19103F-16F7-4668-BE54-9A1E7A4F7556}") = "DataAccess", "DataAccess\DataAccess.csproj", "{22D67BB4-5172-4C9A-A87E-2753B9E34340}"
EndProject
Project("{9A19103F-16F7-4668-BE54-9A1E7A4F7556}") = "Entity", "Entity\Entity.csproj", "{5FC2929D-B2F6-4271-85C6-8E6B41A5CB99}"
EndProject
Project("{9A19103F-16F7-4668-BE54-9A1E7A4F7556}") = "API", "API\API.csproj", "{107578EA-E93D-491D-9B78-161622E03715}"
EndProject
Project("{FAE04EC0-301F-11D3-BF4B-00C04F79EFBC}") = "DTO", "DTO\DTO.csproj", "{397F5FB3-0260-4319-82A6-DB8CEAB9A929}"
EndProject
Global
	GlobalSection(SolutionConfigurationPlatforms) = preSolution
		Debug|Any CPU = Debug|Any CPU
		Release|Any CPU = Release|Any CPU
	EndGlobalSection
	GlobalSection(ProjectConfigurationPlatforms) = postSolution
		{868F00CD-C3F9-4A8C-874F-B19483E5407E}.Debug|Any CPU.ActiveCfg = Debug|Any CPU
		{868F00CD-C3F9-4A8C-874F-B19483E5407E}.Debug|Any CPU.Build.0 = Debug|Any CPU
		{868F00CD-C3F9-4A8C-874F-B19483E5407E}.Release|Any CPU.ActiveCfg = Release|Any CPU
		{868F00CD-C3F9-4A8C-874F-B19483E5407E}.Release|Any CPU.Build.0 = Release|Any CPU
		{22D67BB4-5172-4C9A-A87E-2753B9E34340}.Debug|Any CPU.ActiveCfg = Debug|Any CPU
		{22D67BB4-5172-4C9A-A87E-2753B9E34340}.Debug|Any CPU.Build.0 = Debug|Any CPU
		{22D67BB4-5172-4C9A-A87E-2753B9E34340}.Release|Any CPU.ActiveCfg = Release|Any CPU
		{22D67BB4-5172-4C9A-A87E-2753B9E34340}.Release|Any CPU.Build.0 = Release|Any CPU
		{5FC2929D-B2F6-4271-85C6-8E6B41A5CB99}.Debug|Any CPU.ActiveCfg = Debug|Any CPU
		{5FC2929D-B2F6-4271-85C6-8E6B41A5CB99}.Debug|Any CPU.Build.0 = Debug|Any CPU
		{5FC2929D-B2F6-4271-85C6-8E6B41A5CB99}.Release|Any CPU.ActiveCfg = Release|Any CPU
		{5FC2929D-B2F6-4271-85C6-8E6B41A5CB99}.Release|Any CPU.Build.0 = Release|Any CPU
		{107578EA-E93D-491D-9B78-161622E03715}.Debug|Any CPU.ActiveCfg = Debug|Any CPU
		{107578EA-E93D-491D-9B78-161622E03715}.Debug|Any CPU.Build.0 = Debug|Any CPU
		{107578EA-E93D-491D-9B78-161622E03715}.Release|Any CPU.ActiveCfg = Release|Any CPU
		{107578EA-E93D-491D-9B78-161622E03715}.Release|Any CPU.Build.0 = Release|Any CPU
		{397F5FB3-0260-4319-82A6-DB8CEAB9A929}.Debug|Any CPU.ActiveCfg = Debug|Any CPU
		{397F5FB3-0260-4319-82A6-DB8CEAB9A929}.Debug|Any CPU.Build.0 = Debug|Any CPU
		{397F5FB3-0260-4319-82A6-DB8CEAB9A929}.Release|Any CPU.ActiveCfg = Release|Any CPU
		{397F5FB3-0260-4319-82A6-DB8CEAB9A929}.Release|Any CPU.Build.0 = Release|Any CPU
	EndGlobalSection
	GlobalSection(SolutionProperties) = preSolution
		HideSolutionNode = FALSE
	EndGlobalSection
	GlobalSection(ExtensibilityGlobals) = postSolution
		SolutionGuid = {15243170-87CE-4C1C-BA58-60468AE0D5CD}
	EndGlobalSection
EndGlobal
